
Microsoft Visual Studio Solution File, Format Version 12.00
# Visual Studio Version 16
VisualStudioVersion = 16.0.29721.120
MinimumVisualStudioVersion = 10.0.40219.1
Project("{982db6ca-7f69-4c27-9357-ced6238843da}") = "GorillaTagModTemplateProject", "GorillaTagModTemplateProject\GorillaTagModTemplateProject.csproj", "{0db34c3c-f71e-4aeb-b73b-0a38817b2d5d}"
EndProject
Global
	GlobalSection(SolutionConfigurationPlatforms) = preSolution
		Debug|Any CPU = Debug|Any CPU
		Release|Any CPU = Release|Any CPU
	EndGlobalSection
	GlobalSection(ProjectConfigurationPlatforms) = postSolution
		{0db34c3c-f71e-4aeb-b73b-0a38817b2d5d}.Debug|Any CPU.ActiveCfg = Debug|Any CPU
		{0db34c3c-f71e-4aeb-b73b-0a38817b2d5d}.Debug|Any CPU.Build.0 = Debug|Any CPU
		{0db34c3c-f71e-4aeb-b73b-0a38817b2d5d}.Release|Any CPU.ActiveCfg = Release|Any CPU
		{0db34c3c-f71e-4aeb-b73b-0a38817b2d5d}.Release|Any CPU.Build.0 = Release|Any CPU
	EndGlobalSection
	GlobalSection(SolutionProperties) = preSolution
		HideSolutionNode = FALSE
	EndGlobalSection
	GlobalSection(ExtensibilityGlobals) = postSolution
		SolutionGuid = {44820892-1aa0-443f-a2f7-218d80240130}
	EndGlobalSection
EndGlobal
